// !$*UTF8*$!
{
	archiveVersion = 1;
	classes = {
	};
	objectVersion = 50;
	objects = {

/* Begin PBXBuildFile section */
		21A0256022728460006E75A5 /* AppDelegate.swift in Sources */ = {isa = PBXBuildFile; fileRef = 21A0255F22728460006E75A5 /* AppDelegate.swift */; };
		21A0256222728460006E75A5 /* ViewController.swift in Sources */ = {isa = PBXBuildFile; fileRef = 21A0256122728460006E75A5 /* ViewController.swift */; };
		21A0256522728460006E75A5 /* Main.storyboard in Resources */ = {isa = PBXBuildFile; fileRef = 21A0256322728460006E75A5 /* Main.storyboard */; };
		21A025672272846C006E75A5 /* Assets.xcassets in Resources */ = {isa = PBXBuildFile; fileRef = 21A025662272846C006E75A5 /* Assets.xcassets */; };
		21A0256A2272846C006E75A5 /* LaunchScreen.storyboard in Resources */ = {isa = PBXBuildFile; fileRef = 21A025682272846C006E75A5 /* LaunchScreen.storyboard */; };
		21A025752272846C006E75A5 /* UNAM360Tests.swift in Sources */ = {isa = PBXBuildFile; fileRef = 21A025742272846C006E75A5 /* UNAM360Tests.swift */; };
		21A025802272846D006E75A5 /* UNAM360UITests.swift in Sources */ = {isa = PBXBuildFile; fileRef = 21A0257F2272846D006E75A5 /* UNAM360UITests.swift */; };
		73C1627D227BC46D00B85EBA /* Utils.swift in Sources */ = {isa = PBXBuildFile; fileRef = 73C1627C227BC46D00B85EBA /* Utils.swift */; };
		73C16281227BC47F00B85EBA /* Points.swift in Sources */ = {isa = PBXBuildFile; fileRef = 73C1627F227BC47F00B85EBA /* Points.swift */; };
		73C16282227BC47F00B85EBA /* DevicePositions.swift in Sources */ = {isa = PBXBuildFile; fileRef = 73C16280227BC47F00B85EBA /* DevicePositions.swift */; };
		73C16284227BC48800B85EBA /* pointsData.json in Resources */ = {isa = PBXBuildFile; fileRef = 73C16283227BC48800B85EBA /* pointsData.json */; };
		DA959593190DBF7438DA8E31 /* MainViewController+AccelerometerHandlerDelegate.swift in Sources */ = {isa = PBXBuildFile; fileRef = DA9592379431B36E8FB29975 /* MainViewController+AccelerometerHandlerDelegate.swift */; };
		DA959CF5759A022263E7C9DA /* AccelerometerProtocol.swift in Sources */ = {isa = PBXBuildFile; fileRef = DA959603C7DFB96C8C76ACAE /* AccelerometerProtocol.swift */; };
		DA959E35E4BADD1AADA02348 /* AccelerometerHandler.swift in Sources */ = {isa = PBXBuildFile; fileRef = DA9594BC065580F80CC0F003 /* AccelerometerHandler.swift */; };
/* End PBXBuildFile section */

/* Begin PBXContainerItemProxy section */
		21A025712272846C006E75A5 /* PBXContainerItemProxy */ = {
			isa = PBXContainerItemProxy;
			containerPortal = 21A0255422728460006E75A5 /* Project object */;
			proxyType = 1;
			remoteGlobalIDString = 21A0255B22728460006E75A5;
			remoteInfo = UNAM360;
		};
		21A0257C2272846C006E75A5 /* PBXContainerItemProxy */ = {
			isa = PBXContainerItemProxy;
			containerPortal = 21A0255422728460006E75A5 /* Project object */;
			proxyType = 1;
			remoteGlobalIDString = 21A0255B22728460006E75A5;
			remoteInfo = UNAM360;
		};
/* End PBXContainerItemProxy section */

/* Begin PBXFileReference section */
		21A0255C22728460006E75A5 /* UNAM360.app */ = {isa = PBXFileReference; explicitFileType = wrapper.application; includeInIndex = 0; path = UNAM360.app; sourceTree = BUILT_PRODUCTS_DIR; };
		21A0255F22728460006E75A5 /* AppDelegate.swift */ = {isa = PBXFileReference; lastKnownFileType = sourcecode.swift; path = AppDelegate.swift; sourceTree = "<group>"; };
		21A0256122728460006E75A5 /* ViewController.swift */ = {isa = PBXFileReference; lastKnownFileType = sourcecode.swift; path = ViewController.swift; sourceTree = "<group>"; };
		21A0256422728460006E75A5 /* Base */ = {isa = PBXFileReference; lastKnownFileType = file.storyboard; name = Base; path = Base.lproj/Main.storyboard; sourceTree = "<group>"; };
		21A025662272846C006E75A5 /* Assets.xcassets */ = {isa = PBXFileReference; lastKnownFileType = folder.assetcatalog; path = Assets.xcassets; sourceTree = "<group>"; };
		21A025692272846C006E75A5 /* Base */ = {isa = PBXFileReference; lastKnownFileType = file.storyboard; name = Base; path = Base.lproj/LaunchScreen.storyboard; sourceTree = "<group>"; };
		21A0256B2272846C006E75A5 /* Info.plist */ = {isa = PBXFileReference; lastKnownFileType = text.plist.xml; path = Info.plist; sourceTree = "<group>"; };
		21A025702272846C006E75A5 /* UNAM360Tests.xctest */ = {isa = PBXFileReference; explicitFileType = wrapper.cfbundle; includeInIndex = 0; path = UNAM360Tests.xctest; sourceTree = BUILT_PRODUCTS_DIR; };
		21A025742272846C006E75A5 /* UNAM360Tests.swift */ = {isa = PBXFileReference; lastKnownFileType = sourcecode.swift; path = UNAM360Tests.swift; sourceTree = "<group>"; };
		21A025762272846C006E75A5 /* Info.plist */ = {isa = PBXFileReference; lastKnownFileType = text.plist.xml; path = Info.plist; sourceTree = "<group>"; };
		21A0257B2272846C006E75A5 /* UNAM360UITests.xctest */ = {isa = PBXFileReference; explicitFileType = wrapper.cfbundle; includeInIndex = 0; path = UNAM360UITests.xctest; sourceTree = BUILT_PRODUCTS_DIR; };
		21A0257F2272846D006E75A5 /* UNAM360UITests.swift */ = {isa = PBXFileReference; lastKnownFileType = sourcecode.swift; path = UNAM360UITests.swift; sourceTree = "<group>"; };
		21A025812272846D006E75A5 /* Info.plist */ = {isa = PBXFileReference; lastKnownFileType = text.plist.xml; path = Info.plist; sourceTree = "<group>"; };
		73C1627C227BC46D00B85EBA /* Utils.swift */ = {isa = PBXFileReference; fileEncoding = 4; lastKnownFileType = sourcecode.swift; path = Utils.swift; sourceTree = "<group>"; };
		73C1627F227BC47F00B85EBA /* Points.swift */ = {isa = PBXFileReference; fileEncoding = 4; lastKnownFileType = sourcecode.swift; path = Points.swift; sourceTree = "<group>"; };
		73C16280227BC47F00B85EBA /* DevicePositions.swift */ = {isa = PBXFileReference; fileEncoding = 4; lastKnownFileType = sourcecode.swift; path = DevicePositions.swift; sourceTree = "<group>"; };
		73C16283227BC48800B85EBA /* pointsData.json */ = {isa = PBXFileReference; fileEncoding = 4; lastKnownFileType = text.json; path = pointsData.json; sourceTree = "<group>"; };
		DA9592379431B36E8FB29975 /* MainViewController+AccelerometerHandlerDelegate.swift */ = {isa = PBXFileReference; fileEncoding = 4; lastKnownFileType = sourcecode.swift; path = "MainViewController+AccelerometerHandlerDelegate.swift"; sourceTree = "<group>"; };
		DA9594BC065580F80CC0F003 /* AccelerometerHandler.swift */ = {isa = PBXFileReference; fileEncoding = 4; lastKnownFileType = sourcecode.swift; path = AccelerometerHandler.swift; sourceTree = "<group>"; };
		DA959603C7DFB96C8C76ACAE /* AccelerometerProtocol.swift */ = {isa = PBXFileReference; fileEncoding = 4; lastKnownFileType = sourcecode.swift; path = AccelerometerProtocol.swift; sourceTree = "<group>"; };
/* End PBXFileReference section */

/* Begin PBXFrameworksBuildPhase section */
		21A0255922728460006E75A5 /* Frameworks */ = {
			isa = PBXFrameworksBuildPhase;
			buildActionMask = 2147483647;
			files = (
			);
			runOnlyForDeploymentPostprocessing = 0;
		};
		21A0256D2272846C006E75A5 /* Frameworks */ = {
			isa = PBXFrameworksBuildPhase;
			buildActionMask = 2147483647;
			files = (
			);
			runOnlyForDeploymentPostprocessing = 0;
		};
		21A025782272846C006E75A5 /* Frameworks */ = {
			isa = PBXFrameworksBuildPhase;
			buildActionMask = 2147483647;
			files = (
			);
			runOnlyForDeploymentPostprocessing = 0;
		};
/* End PBXFrameworksBuildPhase section */

/* Begin PBXGroup section */
		21A0255322728460006E75A5 = {
			isa = PBXGroup;
			children = (
				21A0255E22728460006E75A5 /* UNAM360 */,
				21A025732272846C006E75A5 /* UNAM360Tests */,
				21A0257E2272846C006E75A5 /* UNAM360UITests */,
				21A0255D22728460006E75A5 /* Products */,
			);
			sourceTree = "<group>";
		};
		21A0255D22728460006E75A5 /* Products */ = {
			isa = PBXGroup;
			children = (
				21A0255C22728460006E75A5 /* UNAM360.app */,
				21A025702272846C006E75A5 /* UNAM360Tests.xctest */,
				21A0257B2272846C006E75A5 /* UNAM360UITests.xctest */,
			);
			name = Products;
			sourceTree = "<group>";
		};
		21A0255E22728460006E75A5 /* UNAM360 */ = {
			isa = PBXGroup;
			children = (
				73C1627E227BC47F00B85EBA /* Models */,
				73C1627B227BC46D00B85EBA /* Helper Functions */,
				21A0255F22728460006E75A5 /* AppDelegate.swift */,
				73C16283227BC48800B85EBA /* pointsData.json */,
				21A0256122728460006E75A5 /* ViewController.swift */,
				21A0256322728460006E75A5 /* Main.storyboard */,
				21A025662272846C006E75A5 /* Assets.xcassets */,
				21A025682272846C006E75A5 /* LaunchScreen.storyboard */,
				21A0256B2272846C006E75A5 /* Info.plist */,
				DA95956971260EB0B94F1A10 /* Accelerometer */,
				DA9592379431B36E8FB29975 /* MainViewController+AccelerometerHandlerDelegate.swift */,
			);
			path = UNAM360;
			sourceTree = "<group>";
		};
		21A025732272846C006E75A5 /* UNAM360Tests */ = {
			isa = PBXGroup;
			children = (
				21A025742272846C006E75A5 /* UNAM360Tests.swift */,
				21A025762272846C006E75A5 /* Info.plist */,
			);
			path = UNAM360Tests;
			sourceTree = "<group>";
		};
		21A0257E2272846C006E75A5 /* UNAM360UITests */ = {
			isa = PBXGroup;
			children = (
				21A0257F2272846D006E75A5 /* UNAM360UITests.swift */,
				21A025812272846D006E75A5 /* Info.plist */,
			);
			path = UNAM360UITests;
			sourceTree = "<group>";
		};
		73C1627B227BC46D00B85EBA /* Helper Functions */ = {
			isa = PBXGroup;
			children = (
				73C1627C227BC46D00B85EBA /* Utils.swift */,
			);
			path = "Helper Functions";
			sourceTree = "<group>";
		};
		73C1627E227BC47F00B85EBA /* Models */ = {
			isa = PBXGroup;
			children = (
				73C1627F227BC47F00B85EBA /* Points.swift */,
				73C16280227BC47F00B85EBA /* DevicePositions.swift */,
			);
			path = Models;
			sourceTree = "<group>";
		};
		DA95956971260EB0B94F1A10 /* Accelerometer */ = {
			isa = PBXGroup;
			children = (
				DA9594BC065580F80CC0F003 /* AccelerometerHandler.swift */,
				DA959603C7DFB96C8C76ACAE /* AccelerometerProtocol.swift */,
			);
			path = Accelerometer;
			sourceTree = "<group>";
		};
/* End PBXGroup section */

/* Begin PBXNativeTarget section */
		21A0255B22728460006E75A5 /* UNAM360 */ = {
			isa = PBXNativeTarget;
			buildConfigurationList = 21A025842272846D006E75A5 /* Build configuration list for PBXNativeTarget "UNAM360" */;
			buildPhases = (
				21A0255822728460006E75A5 /* Sources */,
				21A0255922728460006E75A5 /* Frameworks */,
				21A0255A22728460006E75A5 /* Resources */,
			);
			buildRules = (
			);
			dependencies = (
			);
			name = UNAM360;
			productName = UNAM360;
			productReference = 21A0255C22728460006E75A5 /* UNAM360.app */;
			productType = "com.apple.product-type.application";
		};
		21A0256F2272846C006E75A5 /* UNAM360Tests */ = {
			isa = PBXNativeTarget;
			buildConfigurationList = 21A025872272846D006E75A5 /* Build configuration list for PBXNativeTarget "UNAM360Tests" */;
			buildPhases = (
				21A0256C2272846C006E75A5 /* Sources */,
				21A0256D2272846C006E75A5 /* Frameworks */,
				21A0256E2272846C006E75A5 /* Resources */,
			);
			buildRules = (
			);
			dependencies = (
				21A025722272846C006E75A5 /* PBXTargetDependency */,
			);
			name = UNAM360Tests;
			productName = UNAM360Tests;
			productReference = 21A025702272846C006E75A5 /* UNAM360Tests.xctest */;
			productType = "com.apple.product-type.bundle.unit-test";
		};
		21A0257A2272846C006E75A5 /* UNAM360UITests */ = {
			isa = PBXNativeTarget;
			buildConfigurationList = 21A0258A2272846D006E75A5 /* Build configuration list for PBXNativeTarget "UNAM360UITests" */;
			buildPhases = (
				21A025772272846C006E75A5 /* Sources */,
				21A025782272846C006E75A5 /* Frameworks */,
				21A025792272846C006E75A5 /* Resources */,
			);
			buildRules = (
			);
			dependencies = (
				21A0257D2272846C006E75A5 /* PBXTargetDependency */,
			);
			name = UNAM360UITests;
			productName = UNAM360UITests;
			productReference = 21A0257B2272846C006E75A5 /* UNAM360UITests.xctest */;
			productType = "com.apple.product-type.bundle.ui-testing";
		};
/* End PBXNativeTarget section */

/* Begin PBXProject section */
		21A0255422728460006E75A5 /* Project object */ = {
			isa = PBXProject;
			attributes = {
				LastSwiftUpdateCheck = 1020;
				LastUpgradeCheck = 1020;
				ORGANIZATIONNAME = IOSDevLab;
				TargetAttributes = {
					21A0255B22728460006E75A5 = {
						CreatedOnToolsVersion = 10.2.1;
					};
					21A0256F2272846C006E75A5 = {
						CreatedOnToolsVersion = 10.2.1;
						TestTargetID = 21A0255B22728460006E75A5;
					};
					21A0257A2272846C006E75A5 = {
						CreatedOnToolsVersion = 10.2.1;
						TestTargetID = 21A0255B22728460006E75A5;
					};
				};
			};
			buildConfigurationList = 21A0255722728460006E75A5 /* Build configuration list for PBXProject "UNAM360" */;
			compatibilityVersion = "Xcode 9.3";
			developmentRegion = en;
			hasScannedForEncodings = 0;
			knownRegions = (
				en,
				Base,
			);
			mainGroup = 21A0255322728460006E75A5;
			productRefGroup = 21A0255D22728460006E75A5 /* Products */;
			projectDirPath = "";
			projectRoot = "";
			targets = (
				21A0255B22728460006E75A5 /* UNAM360 */,
				21A0256F2272846C006E75A5 /* UNAM360Tests */,
				21A0257A2272846C006E75A5 /* UNAM360UITests */,
			);
		};
/* End PBXProject section */

/* Begin PBXResourcesBuildPhase section */
		21A0255A22728460006E75A5 /* Resources */ = {
			isa = PBXResourcesBuildPhase;
			buildActionMask = 2147483647;
			files = (
				21A0256A2272846C006E75A5 /* LaunchScreen.storyboard in Resources */,
				21A025672272846C006E75A5 /* Assets.xcassets in Resources */,
				73C16284227BC48800B85EBA /* pointsData.json in Resources */,
				21A0256522728460006E75A5 /* Main.storyboard in Resources */,
			);
			runOnlyForDeploymentPostprocessing = 0;
		};
		21A0256E2272846C006E75A5 /* Resources */ = {
			isa = PBXResourcesBuildPhase;
			buildActionMask = 2147483647;
			files = (
			);
			runOnlyForDeploymentPostprocessing = 0;
		};
		21A025792272846C006E75A5 /* Resources */ = {
			isa = PBXResourcesBuildPhase;
			buildActionMask = 2147483647;
			files = (
			);
			runOnlyForDeploymentPostprocessing = 0;
		};
/* End PBXResourcesBuildPhase section */

/* Begin PBXSourcesBuildPhase section */
		21A0255822728460006E75A5 /* Sources */ = {
			isa = PBXSourcesBuildPhase;
			buildActionMask = 2147483647;
			files = (
				73C16281227BC47F00B85EBA /* Points.swift in Sources */,
				73C16282227BC47F00B85EBA /* DevicePositions.swift in Sources */,
				21A0256222728460006E75A5 /* ViewController.swift in Sources */,
				21A0256022728460006E75A5 /* AppDelegate.swift in Sources */,
				73C1627D227BC46D00B85EBA /* Utils.swift in Sources */,
				DA959E35E4BADD1AADA02348 /* AccelerometerHandler.swift in Sources */,
				DA959CF5759A022263E7C9DA /* AccelerometerProtocol.swift in Sources */,
				DA959593190DBF7438DA8E31 /* MainViewController+AccelerometerHandlerDelegate.swift in Sources */,
			);
			runOnlyForDeploymentPostprocessing = 0;
		};
		21A0256C2272846C006E75A5 /* Sources */ = {
			isa = PBXSourcesBuildPhase;
			buildActionMask = 2147483647;
			files = (
				21A025752272846C006E75A5 /* UNAM360Tests.swift in Sources */,
			);
			runOnlyForDeploymentPostprocessing = 0;
		};
		21A025772272846C006E75A5 /* Sources */ = {
			isa = PBXSourcesBuildPhase;
			buildActionMask = 2147483647;
			files = (
				21A025802272846D006E75A5 /* UNAM360UITests.swift in Sources */,
			);
			runOnlyForDeploymentPostprocessing = 0;
		};
/* End PBXSourcesBuildPhase section */

/* Begin PBXTargetDependency section */
		21A025722272846C006E75A5 /* PBXTargetDependency */ = {
			isa = PBXTargetDependency;
			target = 21A0255B22728460006E75A5 /* UNAM360 */;
			targetProxy = 21A025712272846C006E75A5 /* PBXContainerItemProxy */;
		};
		21A0257D2272846C006E75A5 /* PBXTargetDependency */ = {
			isa = PBXTargetDependency;
			target = 21A0255B22728460006E75A5 /* UNAM360 */;
			targetProxy = 21A0257C2272846C006E75A5 /* PBXContainerItemProxy */;
		};
/* End PBXTargetDependency section */

/* Begin PBXVariantGroup section */
		21A0256322728460006E75A5 /* Main.storyboard */ = {
			isa = PBXVariantGroup;
			children = (
				21A0256422728460006E75A5 /* Base */,
			);
			name = Main.storyboard;
			sourceTree = "<group>";
		};
		21A025682272846C006E75A5 /* LaunchScreen.storyboard */ = {
			isa = PBXVariantGroup;
			children = (
				21A025692272846C006E75A5 /* Base */,
			);
			name = LaunchScreen.storyboard;
			sourceTree = "<group>";
		};
/* End PBXVariantGroup section */

/* Begin XCBuildConfiguration section */
		21A025822272846D006E75A5 /* Debug */ = {
			isa = XCBuildConfiguration;
			buildSettings = {
				ALWAYS_SEARCH_USER_PATHS = NO;
				CLANG_ANALYZER_NONNULL = YES;
				CLANG_ANALYZER_NUMBER_OBJECT_CONVERSION = YES_AGGRESSIVE;
				CLANG_CXX_LANGUAGE_STANDARD = "gnu++14";
				CLANG_CXX_LIBRARY = "libc++";
				CLANG_ENABLE_MODULES = YES;
				CLANG_ENABLE_OBJC_ARC = YES;
				CLANG_ENABLE_OBJC_WEAK = YES;
				CLANG_WARN_BLOCK_CAPTURE_AUTORELEASING = YES;
				CLANG_WARN_BOOL_CONVERSION = YES;
				CLANG_WARN_COMMA = YES;
				CLANG_WARN_CONSTANT_CONVERSION = YES;
				CLANG_WARN_DEPRECATED_OBJC_IMPLEMENTATIONS = YES;
				CLANG_WARN_DIRECT_OBJC_ISA_USAGE = YES_ERROR;
				CLANG_WARN_DOCUMENTATION_COMMENTS = YES;
				CLANG_WARN_EMPTY_BODY = YES;
				CLANG_WARN_ENUM_CONVERSION = YES;
				CLANG_WARN_INFINITE_RECURSION = YES;
				CLANG_WARN_INT_CONVERSION = YES;
				CLANG_WARN_NON_LITERAL_NULL_CONVERSION = YES;
				CLANG_WARN_OBJC_IMPLICIT_RETAIN_SELF = YES;
				CLANG_WARN_OBJC_LITERAL_CONVERSION = YES;
				CLANG_WARN_OBJC_ROOT_CLASS = YES_ERROR;
				CLANG_WARN_RANGE_LOOP_ANALYSIS = YES;
				CLANG_WARN_STRICT_PROTOTYPES = YES;
				CLANG_WARN_SUSPICIOUS_MOVE = YES;
				CLANG_WARN_UNGUARDED_AVAILABILITY = YES_AGGRESSIVE;
				CLANG_WARN_UNREACHABLE_CODE = YES;
				CLANG_WARN__DUPLICATE_METHOD_MATCH = YES;
				CODE_SIGN_IDENTITY = "iPhone Developer";
				COPY_PHASE_STRIP = NO;
				DEBUG_INFORMATION_FORMAT = dwarf;
				ENABLE_STRICT_OBJC_MSGSEND = YES;
				ENABLE_TESTABILITY = YES;
				GCC_C_LANGUAGE_STANDARD = gnu11;
				GCC_DYNAMIC_NO_PIC = NO;
				GCC_NO_COMMON_BLOCKS = YES;
				GCC_OPTIMIZATION_LEVEL = 0;
				GCC_PREPROCESSOR_DEFINITIONS = (
					"DEBUG=1",
					"$(inherited)",
				);
				GCC_WARN_64_TO_32_BIT_CONVERSION = YES;
				GCC_WARN_ABOUT_RETURN_TYPE = YES_ERROR;
				GCC_WARN_UNDECLARED_SELECTOR = YES;
				GCC_WARN_UNINITIALIZED_AUTOS = YES_AGGRESSIVE;
				GCC_WARN_UNUSED_FUNCTION = YES;
				GCC_WARN_UNUSED_VARIABLE = YES;
				IPHONEOS_DEPLOYMENT_TARGET = 12.2;
				MTL_ENABLE_DEBUG_INFO = INCLUDE_SOURCE;
				MTL_FAST_MATH = YES;
				ONLY_ACTIVE_ARCH = YES;
				SDKROOT = iphoneos;
				SWIFT_ACTIVE_COMPILATION_CONDITIONS = DEBUG;
				SWIFT_OPTIMIZATION_LEVEL = "-Onone";
			};
			name = Debug;
		};
		21A025832272846D006E75A5 /* Release */ = {
			isa = XCBuildConfiguration;
			buildSettings = {
				ALWAYS_SEARCH_USER_PATHS = NO;
				CLANG_ANALYZER_NONNULL = YES;
				CLANG_ANALYZER_NUMBER_OBJECT_CONVERSION = YES_AGGRESSIVE;
				CLANG_CXX_LANGUAGE_STANDARD = "gnu++14";
				CLANG_CXX_LIBRARY = "libc++";
				CLANG_ENABLE_MODULES = YES;
				CLANG_ENABLE_OBJC_ARC = YES;
				CLANG_ENABLE_OBJC_WEAK = YES;
				CLANG_WARN_BLOCK_CAPTURE_AUTORELEASING = YES;
				CLANG_WARN_BOOL_CONVERSION = YES;
				CLANG_WARN_COMMA = YES;
				CLANG_WARN_CONSTANT_CONVERSION = YES;
				CLANG_WARN_DEPRECATED_OBJC_IMPLEMENTATIONS = YES;
				CLANG_WARN_DIRECT_OBJC_ISA_USAGE = YES_ERROR;
				CLANG_WARN_DOCUMENTATION_COMMENTS = YES;
				CLANG_WARN_EMPTY_BODY = YES;
				CLANG_WARN_ENUM_CONVERSION = YES;
				CLANG_WARN_INFINITE_RECURSION = YES;
				CLANG_WARN_INT_CONVERSION = YES;
				CLANG_WARN_NON_LITERAL_NULL_CONVERSION = YES;
				CLANG_WARN_OBJC_IMPLICIT_RETAIN_SELF = YES;
				CLANG_WARN_OBJC_LITERAL_CONVERSION = YES;
				CLANG_WARN_OBJC_ROOT_CLASS = YES_ERROR;
				CLANG_WARN_RANGE_LOOP_ANALYSIS = YES;
				CLANG_WARN_STRICT_PROTOTYPES = YES;
				CLANG_WARN_SUSPICIOUS_MOVE = YES;
				CLANG_WARN_UNGUARDED_AVAILABILITY = YES_AGGRESSIVE;
				CLANG_WARN_UNREACHABLE_CODE = YES;
				CLANG_WARN__DUPLICATE_METHOD_MATCH = YES;
				CODE_SIGN_IDENTITY = "iPhone Developer";
				COPY_PHASE_STRIP = NO;
				DEBUG_INFORMATION_FORMAT = "dwarf-with-dsym";
				ENABLE_NS_ASSERTIONS = NO;
				ENABLE_STRICT_OBJC_MSGSEND = YES;
				GCC_C_LANGUAGE_STANDARD = gnu11;
				GCC_NO_COMMON_BLOCKS = YES;
				GCC_WARN_64_TO_32_BIT_CONVERSION = YES;
				GCC_WARN_ABOUT_RETURN_TYPE = YES_ERROR;
				GCC_WARN_UNDECLARED_SELECTOR = YES;
				GCC_WARN_UNINITIALIZED_AUTOS = YES_AGGRESSIVE;
				GCC_WARN_UNUSED_FUNCTION = YES;
				GCC_WARN_UNUSED_VARIABLE = YES;
				IPHONEOS_DEPLOYMENT_TARGET = 12.2;
				MTL_ENABLE_DEBUG_INFO = NO;
				MTL_FAST_MATH = YES;
				SDKROOT = iphoneos;
				SWIFT_COMPILATION_MODE = wholemodule;
				SWIFT_OPTIMIZATION_LEVEL = "-O";
				VALIDATE_PRODUCT = YES;
			};
			name = Release;
		};
		21A025852272846D006E75A5 /* Debug */ = {
			isa = XCBuildConfiguration;
			buildSettings = {
				ASSETCATALOG_COMPILER_APPICON_NAME = AppIcon;
				CODE_SIGN_STYLE = Automatic;
				DEVELOPMENT_TEAM = 27MUBRMHKJ;
				INFOPLIST_FILE = UNAM360/Info.plist;
				IPHONEOS_DEPLOYMENT_TARGET = 12.1;
				LD_RUNPATH_SEARCH_PATHS = (
					"$(inherited)",
					"@executable_path/Frameworks",
				);
				PRODUCT_BUNDLE_IDENTIFIER = ioslab.ingenieria.UNAM360;
				PRODUCT_NAME = "$(TARGET_NAME)";
				SWIFT_VERSION = 4.2;
				TARGETED_DEVICE_FAMILY = "1,2";
			};
			name = Debug;
		};
		21A025862272846D006E75A5 /* Release */ = {
			isa = XCBuildConfiguration;
			buildSettings = {
				ASSETCATALOG_COMPILER_APPICON_NAME = AppIcon;
				CODE_SIGN_STYLE = Automatic;
				DEVELOPMENT_TEAM = 27MUBRMHKJ;
				INFOPLIST_FILE = UNAM360/Info.plist;
				IPHONEOS_DEPLOYMENT_TARGET = 12.1;
				LD_RUNPATH_SEARCH_PATHS = (
					"$(inherited)",
					"@executable_path/Frameworks",
				);
				PRODUCT_BUNDLE_IDENTIFIER = ioslab.ingenieria.UNAM360;
				PRODUCT_NAME = "$(TARGET_NAME)";
				SWIFT_VERSION = 4.2;
				TARGETED_DEVICE_FAMILY = "1,2";
			};
			name = Release;
		};
		21A025882272846D006E75A5 /* Debug */ = {
			isa = XCBuildConfiguration;
			buildSettings = {
				ALWAYS_EMBED_SWIFT_STANDARD_LIBRARIES = YES;
				BUNDLE_LOADER = "$(TEST_HOST)";
				CODE_SIGN_STYLE = Automatic;
				DEVELOPMENT_TEAM = 32M7976Q92;
				INFOPLIST_FILE = UNAM360Tests/Info.plist;
				LD_RUNPATH_SEARCH_PATHS = (
					"$(inherited)",
					"@executable_path/Frameworks",
					"@loader_path/Frameworks",
				);
				PRODUCT_BUNDLE_IDENTIFIER = ioslab.ingenieria.UNAM360Tests;
				PRODUCT_NAME = "$(TARGET_NAME)";
				SWIFT_VERSION = 5.0;
				TARGETED_DEVICE_FAMILY = "1,2";
				TEST_HOST = "$(BUILT_PRODUCTS_DIR)/UNAM360.app/UNAM360";
			};
			name = Debug;
		};
		21A025892272846D006E75A5 /* Release */ = {
			isa = XCBuildConfiguration;
			buildSettings = {
				ALWAYS_EMBED_SWIFT_STANDARD_LIBRARIES = YES;
				BUNDLE_LOADER = "$(TEST_HOST)";
				CODE_SIGN_STYLE = Automatic;
				DEVELOPMENT_TEAM = 32M7976Q92;
				INFOPLIST_FILE = UNAM360Tests/Info.plist;
				LD_RUNPATH_SEARCH_PATHS = (
					"$(inherited)",
					"@executable_path/Frameworks",
					"@loader_path/Frameworks",
				);
				PRODUCT_BUNDLE_IDENTIFIER = ioslab.ingenieria.UNAM360Tests;
				PRODUCT_NAME = "$(TARGET_NAME)";
				SWIFT_VERSION = 5.0;
				TARGETED_DEVICE_FAMILY = "1,2";
				TEST_HOST = "$(BUILT_PRODUCTS_DIR)/UNAM360.app/UNAM360";
			};
			name = Release;
		};
		21A0258B2272846D006E75A5 /* Debug */ = {
			isa = XCBuildConfiguration;
			buildSettings = {
				ALWAYS_EMBED_SWIFT_STANDARD_LIBRARIES = YES;
				CODE_SIGN_STYLE = Automatic;
				DEVELOPMENT_TEAM = 32M7976Q92;
				INFOPLIST_FILE = UNAM360UITests/Info.plist;
				LD_RUNPATH_SEARCH_PATHS = (
					"$(inherited)",
					"@executable_path/Frameworks",
					"@loader_path/Frameworks",
				);
				PRODUCT_BUNDLE_IDENTIFIER = ioslab.ingenieria.UNAM360UITests;
				PRODUCT_NAME = "$(TARGET_NAME)";
				SWIFT_VERSION = 5.0;
				TARGETED_DEVICE_FAMILY = "1,2";
				TEST_TARGET_NAME = UNAM360;
			};
			name = Debug;
		};
		21A0258C2272846D006E75A5 /* Release */ = {
			isa = XCBuildConfiguration;
			buildSettings = {
				ALWAYS_EMBED_SWIFT_STANDARD_LIBRARIES = YES;
				CODE_SIGN_STYLE = Automatic;
				DEVELOPMENT_TEAM = 32M7976Q92;
				INFOPLIST_FILE = UNAM360UITests/Info.plist;
				LD_RUNPATH_SEARCH_PATHS = (
					"$(inherited)",
					"@executable_path/Frameworks",
					"@loader_path/Frameworks",
				);
				PRODUCT_BUNDLE_IDENTIFIER = ioslab.ingenieria.UNAM360UITests;
				PRODUCT_NAME = "$(TARGET_NAME)";
				SWIFT_VERSION = 5.0;
				TARGETED_DEVICE_FAMILY = "1,2";
				TEST_TARGET_NAME = UNAM360;
			};
			name = Release;
		};
/* End XCBuildConfiguration section */

/* Begin XCConfigurationList section */
		21A0255722728460006E75A5 /* Build configuration list for PBXProject "UNAM360" */ = {
			isa = XCConfigurationList;
			buildConfigurations = (
				21A025822272846D006E75A5 /* Debug */,
				21A025832272846D006E75A5 /* Release */,
			);
			defaultConfigurationIsVisible = 0;
			defaultConfigurationName = Release;
		};
		21A025842272846D006E75A5 /* Build configuration list for PBXNativeTarget "UNAM360" */ = {
			isa = XCConfigurationList;
			buildConfigurations = (
				21A025852272846D006E75A5 /* Debug */,
				21A025862272846D006E75A5 /* Release */,
			);
			defaultConfigurationIsVisible = 0;
			defaultConfigurationName = Release;
		};
		21A025872272846D006E75A5 /* Build configuration list for PBXNativeTarget "UNAM360Tests" */ = {
			isa = XCConfigurationList;
			buildConfigurations = (
				21A025882272846D006E75A5 /* Debug */,
				21A025892272846D006E75A5 /* Release */,
			);
			defaultConfigurationIsVisible = 0;
			defaultConfigurationName = Release;
		};
		21A0258A2272846D006E75A5 /* Build configuration list for PBXNativeTarget "UNAM360UITests" */ = {
			isa = XCConfigurationList;
			buildConfigurations = (
				21A0258B2272846D006E75A5 /* Debug */,
				21A0258C2272846D006E75A5 /* Release */,
			);
			defaultConfigurationIsVisible = 0;
			defaultConfigurationName = Release;
		};
/* End XCConfigurationList section */
	};
	rootObject = 21A0255422728460006E75A5 /* Project object */;
}
